<?xml version="1.0" encoding="utf-8"?>
<Project ToolsVersion="4.0" xmlns="http://schemas.microsoft.com/developer/msbuild/2003">
  <ItemGroup>
    <Filter Include="File di origine">
      <UniqueIdentifier>{4FC737F1-C7A5-4376-A066-2A32D752A2FF}</UniqueIdentifier>
      <Extensions>cpp;c;cc;cxx;c++;cppm;ixx;def;odl;idl;hpj;bat;asm;asmx</Extensions>
    </Filter>
    <Filter Include="File di intestazione">
      <UniqueIdentifier>{93995380-89BD-4b04-88EB-625FBE52EBFB}</UniqueIdentifier>
      <Extensions>h;hh;hpp;hxx;h++;hm;inl;inc;ipp;xsd</Extensions>
    </Filter>
    <Filter Include="File di risorse">
      <UniqueIdentifier>{67DA6AB6-F800-4c08-8B7A-83BB121AAD01}</UniqueIdentifier>
      <Extensions>rc;ico;cur;bmp;dlg;rc2;rct;bin;rgs;gif;jpg;jpeg;jpe;resx;tiff;tif;png;wav;mfcribbon-ms</Extensions>
    </Filter>
  </ItemGroup>
  <ItemGroup>
    <ClCompile Include="Main.cpp">
      <Filter>File di origine</Filter>
    </ClCompile>
    <ClCompile Include="PROCESSING\Processing.cpp">
      <Filter>File di origine</Filter>
    </ClCompile>
    <ClCompile Include="GUI\GUICommunication.cpp">
      <Filter>File di origine</Filter>
    </ClCompile>
    <ClCompile Include="GRABBING\Grabbing.cpp">
      <Filter>File di origine</Filter>
    </ClCompile>
    <ClCompile Include="CHECKING\Checking.cpp">
      <Filter>File di origine</Filter>
    </ClCompile>
    <ClCompile Include="GEOMETRY\GeometricCircle.cpp">
      <Filter>File di origine</Filter>
    </ClCompile>
    <ClCompile Include="UTILITY\ElapsedTime.cpp">
      <Filter>File di origine</Filter>
    </ClCompile>
    <ClCompile Include="UTILITY\Grab_ChunkImage_Universal.cpp">
      <Filter>File di origine</Filter>
    </ClCompile>
    <ClCompile Include="UTILITY\Math.cpp">
      <Filter>File di origine</Filter>
    </ClCompile>
  </ItemGroup>
  <ItemGroup>
    <ClInclude Include="PROCESSING\Processing.h">
      <Filter>File di intestazione</Filter>
    </ClInclude>
    <ClInclude Include="GUI\GUICommunication.h">
      <Filter>File di intestazione</Filter>
    </ClInclude>
    <ClInclude Include="GRABBING\Grabbing.h">
      <Filter>File di intestazione</Filter>
    </ClInclude>
    <ClInclude Include="CHECKING\Checking.h">
      <Filter>File di intestazione</Filter>
    </ClInclude>
    <ClInclude Include="GEOMETRY\GeometricCircle.h">
      <Filter>File di intestazione</Filter>
    </ClInclude>
    <ClInclude Include="UTILITY\ElapsedTime.h">
      <Filter>File di intestazione</Filter>
    </ClInclude>
    <ClInclude Include="UTILITY\Grab_ChunkImage_Universal.h">
      <Filter>File di intestazione</Filter>
    </ClInclude>
    <ClInclude Include="UTILITY\Math.h">
      <Filter>File di intestazione</Filter>
    </ClInclude>
    <ClInclude Include="UTILITY\matplotlibcpp.h">
      <Filter>File di intestazione</Filter>
    </ClInclude>
    <ClInclude Include="UTILITY\Aspose.Pdf.h">
      <Filter>File di intestazione</Filter>
    </ClInclude>
  </ItemGroup>
  <ItemGroup>
    <None Include="packages.config" />
  </ItemGroup>
</Project>